{
  "name": "@isyfact/isy-angular-widgets",
  "version": "0.0.0",
  "lockfileVersion": 3,
  "requires": true,
  "packages": {
    "": {
      "name": "@isyfact/isy-angular-widgets",
      "version": "0.0.0",
      "license": "Apache-2.0",
      "dependencies": {
        "tslib": "^2.6.2"
      },
      "peerDependencies": {
        "@angular/common": "^16.2.9",
        "@angular/core": "^16.2.9",
        "moment": "^2.29.4",
        "primeflex": "^3.3.1",
        "primeicons": "^6.0.1",
        "primeng": "^16.5.1"
      }
    },
    "node_modules/@angular/common": {
      "version": "16.2.9",
      "resolved": "https://registry.npmjs.org/@angular/common/-/common-16.2.9.tgz",
      "integrity": "sha512-5Lh5KsxCkaoBDeSAghKNF5lCi0083ug4X2X7wnafsSd6Z3xt/rDjH9hDOP5SF5IDLtCVjJgHfs3cCLSTjRuNwg==",
      "peer": true,
      "dependencies": {
        "tslib": "^2.3.0"
      },
      "engines": {
        "node": "^16.14.0 || >=18.10.0"
      },
      "peerDependencies": {
        "@angular/core": "16.2.9",
        "rxjs": "^6.5.3 || ^7.4.0"
      }
    },
    "node_modules/@angular/core": {
      "version": "16.2.9",
      "resolved": "https://registry.npmjs.org/@angular/core/-/core-16.2.9.tgz",
      "integrity": "sha512-chvPX29ZBcMDuh7rLIgb0Cru6oJ/0FaqRzfOI3wT4W2F9W1HOlCtipovzmPYaUAmXBWfVP4EBO9TOWnpog0S0w==",
      "peer": true,
      "dependencies": {
        "tslib": "^2.3.0"
      },
      "engines": {
        "node": "^16.14.0 || >=18.10.0"
      },
      "peerDependencies": {
        "rxjs": "^6.5.3 || ^7.4.0",
        "zone.js": "~0.13.0"
      }
    },
    "node_modules/@angular/forms": {
      "version": "16.2.9",
      "resolved": "https://registry.npmjs.org/@angular/forms/-/forms-16.2.9.tgz",
      "integrity": "sha512-rxlg2iNJNBH/uc7b5YqybfYc8BkLzzPv1d/nMsQUlY0O2UV2zwNRpcIiWbWd7+ZaKjcyPynVe9FsXC8wgWIABw==",
      "peer": true,
      "dependencies": {
        "tslib": "^2.3.0"
      },
      "engines": {
        "node": "^16.14.0 || >=18.10.0"
      },
      "peerDependencies": {
        "@angular/common": "16.2.9",
        "@angular/core": "16.2.9",
        "@angular/platform-browser": "16.2.9",
        "rxjs": "^6.5.3 || ^7.4.0"
      }
    },
    "node_modules/@angular/platform-browser": {
      "version": "16.2.9",
      "resolved": "https://registry.npmjs.org/@angular/platform-browser/-/platform-browser-16.2.9.tgz",
      "integrity": "sha512-9Je7+Jmx0AOyRzBBumraVJG3M0R6YbT4c9jTUbLGJCcPxwDI3/u2ZzvW3rBqpmrDaqLxN5f1LcZeTZx287QeqQ==",
      "peer": true,
      "dependencies": {
        "tslib": "^2.3.0"
      },
      "engines": {
        "node": "^16.14.0 || >=18.10.0"
      },
      "peerDependencies": {
        "@angular/animations": "16.2.9",
        "@angular/common": "16.2.9",
        "@angular/core": "16.2.9"
      },
      "peerDependenciesMeta": {
        "@angular/animations": {
          "optional": true
        }
      }
    },
    "node_modules/moment": {
      "version": "2.29.4",
      "resolved": "https://registry.npmjs.org/moment/-/moment-2.29.4.tgz",
      "integrity": "sha512-5LC9SOxjSc2HF6vO2CyuTDNivEdoz2IvyJJGj6X8DJ0eFyfszE0QiEd+iXmBvUP3WHxSjFH/vIsA0EN00cgr8w==",
      "peer": true,
      "engines": {
        "node": "*"
      }
    },
    "node_modules/primeflex": {
      "version": "3.3.1",
      "resolved": "https://registry.npmjs.org/primeflex/-/primeflex-3.3.1.tgz",
      "integrity": "sha512-zaOq3YvcOYytbAmKv3zYc+0VNS9Wg5d37dfxZnveKBFPr7vEIwfV5ydrpiouTft8MVW6qNjfkaQphHSnvgQbpQ==",
      "peer": true
    },
    "node_modules/primeicons": {
      "version": "6.0.1",
      "resolved": "https://registry.npmjs.org/primeicons/-/primeicons-6.0.1.tgz",
      "integrity": "sha512-KDeO94CbWI4pKsPnYpA1FPjo79EsY9I+M8ywoPBSf9XMXoe/0crjbUK7jcQEDHuc0ZMRIZsxH3TYLv4TUtHmAA==",
      "peer": true
    },
    "node_modules/primeng": {
      "version": "16.5.1",
      "resolved": "https://registry.npmjs.org/primeng/-/primeng-16.5.1.tgz",
      "integrity": "sha512-D1Eu7HAm4DelAGXAncKw39bVRMzV9N2XOl9gbI5bEcfUhqbwDzSldbN57ULSdTaRcHugUMUolbYFJsJHMc/k1g==",
      "peer": true,
      "dependencies": {
        "tslib": "^2.3.0"
      },
      "peerDependencies": {
        "@angular/common": "^16.2.0",
        "@angular/core": "^16.2.0",
        "@angular/forms": "^16.2.0",
        "rxjs": "^6.0.0 || ^7.8.1",
        "zone.js": "~0.13.0"
      }
    },
    "node_modules/rxjs": {
      "version": "7.8.1",
      "resolved": "https://registry.npmjs.org/rxjs/-/rxjs-7.8.1.tgz",
      "integrity": "sha512-AA3TVj+0A2iuIoQkWEK/tqFjBq2j+6PO6Y0zJcvzLAFhEFIO3HL0vls9hWLncZbAAbK0mar7oZ4V079I/qPMxg==",
      "peer": true,
      "dependencies": {
        "tslib": "^2.1.0"
      }
    },
    "node_modules/tslib": {
      "version": "2.6.2",
      "resolved": "https://registry.npmjs.org/tslib/-/tslib-2.6.2.tgz",
      "integrity": "sha512-AEYxH93jGFPn/a2iVAwW87VuUIkR1FVUKB77NwMF7nBTDkDrrT/Hpt/IrCJ0QXhW27jTBDcf5ZY7w6RiqTMw2Q=="
    },
    "node_modules/zone.js": {
      "version": "0.13.3",
      "resolved": "https://registry.npmjs.org/zone.js/-/zone.js-0.13.3.tgz",
      "integrity": "sha512-MKPbmZie6fASC/ps4dkmIhaT5eonHkEt6eAy80K42tAm0G2W+AahLJjbfi6X9NPdciOE9GRFTTM8u2IiF6O3ww==",
      "peer": true,
      "dependencies": {
        "tslib": "^2.3.0"
      }
    }
  }
}
