{
  "name": "@isyfact/isy-angular-widgets",
  "version": "0.0.0",
  "lockfileVersion": 3,
  "requires": true,
  "packages": {
    "": {
      "name": "@isyfact/isy-angular-widgets",
      "version": "0.0.0",
      "license": "Apache-2.0",
      "dependencies": {
        "@isyfact/isy-angular-widgets": "file:",
        "tslib": "^2.6.3"
      },
      "peerDependencies": {
        "@angular/common": "^18.1.4",
        "@angular/core": "^18.1.4",
        "moment": "^2.30.1",
        "primeflex": "^3.3.1",
        "primeicons": "^7.0.0",
        "primeng": "^17.18.8"
      }
    },
    "node_modules/@angular/common": {
      "version": "18.2.11",
      "resolved": "https://registry.npmjs.org/@angular/common/-/common-18.2.11.tgz",
      "integrity": "sha512-bamJeISl2zUlvjPYebQWazUjhjXU9nrot42cQJng94SkvNENT9LTWfPYgc+Bd972Kg+31jG4H41rgFNs7zySmw==",
      "license": "MIT",
      "peer": true,
      "dependencies": {
        "tslib": "^2.3.0"
      },
      "engines": {
        "node": "^18.19.1 || ^20.11.1 || >=22.0.0"
      },
      "peerDependencies": {
        "@angular/core": "18.2.11",
        "rxjs": "^6.5.3 || ^7.4.0"
      }
    },
    "node_modules/@angular/core": {
      "version": "18.2.11",
      "resolved": "https://registry.npmjs.org/@angular/core/-/core-18.2.11.tgz",
      "integrity": "sha512-/AGAFyZN8KR+kW5FUFCCBCj3qHyDDum7G0lJe5otrT9AqF6+g7PjF8yLha/6wPkJG7ri5xGLhini1sEivVeq/g==",
      "license": "MIT",
      "peer": true,
      "dependencies": {
        "tslib": "^2.3.0"
      },
      "engines": {
        "node": "^18.19.1 || ^20.11.1 || >=22.0.0"
      },
      "peerDependencies": {
        "rxjs": "^6.5.3 || ^7.4.0",
        "zone.js": "~0.14.10"
      }
    },
    "node_modules/@angular/forms": {
      "version": "18.2.11",
      "resolved": "https://registry.npmjs.org/@angular/forms/-/forms-18.2.11.tgz",
      "integrity": "sha512-QjxayOxDTqsTJGBzfWd3nms1LZIXj2f1+wIPxxUNXyNS5ZaM7hBWkz2BTFYeewlD/HdNj0alNVCYK3M8ElLWYw==",
      "license": "MIT",
      "peer": true,
      "dependencies": {
        "tslib": "^2.3.0"
      },
      "engines": {
        "node": "^18.19.1 || ^20.11.1 || >=22.0.0"
      },
      "peerDependencies": {
        "@angular/common": "18.2.11",
        "@angular/core": "18.2.11",
        "@angular/platform-browser": "18.2.11",
        "rxjs": "^6.5.3 || ^7.4.0"
      }
    },
    "node_modules/@angular/platform-browser": {
      "version": "18.2.11",
      "resolved": "https://registry.npmjs.org/@angular/platform-browser/-/platform-browser-18.2.11.tgz",
      "integrity": "sha512-bzcP0QdPT/ncTxOx0t7901z5m0wDmkraTo/es4g8reV6VK9Ptv0QDuD8aDvrHh7sLCX5VgwDF9ohc6S2TpYUCA==",
      "license": "MIT",
      "peer": true,
      "dependencies": {
        "tslib": "^2.3.0"
      },
      "engines": {
        "node": "^18.19.1 || ^20.11.1 || >=22.0.0"
      },
      "peerDependencies": {
        "@angular/animations": "18.2.11",
        "@angular/common": "18.2.11",
        "@angular/core": "18.2.11"
      },
      "peerDependenciesMeta": {
        "@angular/animations": {
          "optional": true
        }
      }
    },
    "node_modules/@isyfact/isy-angular-widgets": {
      "resolved": "",
      "link": true
    },
    "node_modules/moment": {
      "version": "2.30.1",
      "resolved": "https://registry.npmjs.org/moment/-/moment-2.30.1.tgz",
      "integrity": "sha512-uEmtNhbDOrWPFS+hdjFCBfy9f2YoyzRpwcl+DqpC6taX21FzsTLQVbMV/W7PzNSX6x/bhC1zA3c2UQ5NzH6how==",
      "license": "MIT",
      "peer": true,
      "engines": {
        "node": "*"
      }
    },
    "node_modules/primeflex": {
      "version": "3.3.1",
      "resolved": "https://registry.npmjs.org/primeflex/-/primeflex-3.3.1.tgz",
      "integrity": "sha512-zaOq3YvcOYytbAmKv3zYc+0VNS9Wg5d37dfxZnveKBFPr7vEIwfV5ydrpiouTft8MVW6qNjfkaQphHSnvgQbpQ==",
      "license": "MIT",
      "peer": true
    },
    "node_modules/primeicons": {
      "version": "7.0.0",
      "resolved": "https://registry.npmjs.org/primeicons/-/primeicons-7.0.0.tgz",
      "integrity": "sha512-jK3Et9UzwzTsd6tzl2RmwrVY/b8raJ3QZLzoDACj+oTJ0oX7L9Hy+XnVwgo4QVKlKpnP/Ur13SXV/pVh4LzaDw==",
      "license": "MIT",
      "peer": true
    },
    "node_modules/primeng": {
      "version": "17.18.12",
      "resolved": "https://registry.npmjs.org/primeng/-/primeng-17.18.12.tgz",
      "integrity": "sha512-zElkv9c3209e1j2yNXalfv71gGJeo8c7bUuW3nsvtQZcYsXjdsJvBEhTThVghBdpCUoFYD3cNmTzg3t807cL6A==",
      "license": "MIT",
      "peer": true,
      "dependencies": {
        "tslib": "^2.3.0"
      },
      "peerDependencies": {
        "@angular/common": "^17.0.0 || ^18.0.0",
        "@angular/core": "^17.0.0 || ^18.0.0",
        "@angular/forms": "^17.0.0 || ^18.0.0",
        "rxjs": "^6.0.0 || ^7.8.1",
        "zone.js": "~0.14.0"
      }
    },
    "node_modules/rxjs": {
      "version": "7.8.1",
      "resolved": "https://registry.npmjs.org/rxjs/-/rxjs-7.8.1.tgz",
      "integrity": "sha512-AA3TVj+0A2iuIoQkWEK/tqFjBq2j+6PO6Y0zJcvzLAFhEFIO3HL0vls9hWLncZbAAbK0mar7oZ4V079I/qPMxg==",
      "license": "Apache-2.0",
      "peer": true,
      "dependencies": {
        "tslib": "^2.1.0"
      }
    },
    "node_modules/tslib": {
      "version": "2.8.1",
      "resolved": "https://registry.npmjs.org/tslib/-/tslib-2.8.1.tgz",
      "integrity": "sha512-oJFu94HQb+KVduSUQL7wnpmqnfmLsOA/nAh6b6EH0wCEoK0/mPeXU6c3wKDV83MkOuHPRHtSXKKU99IBazS/2w==",
      "license": "0BSD"
    },
    "node_modules/zone.js": {
      "version": "0.14.10",
      "resolved": "https://registry.npmjs.org/zone.js/-/zone.js-0.14.10.tgz",
      "integrity": "sha512-YGAhaO7J5ywOXW6InXNlLmfU194F8lVgu7bRntUF3TiG8Y3nBK0x1UJJuHUP/e8IyihkjCYqhCScpSwnlaSRkQ==",
      "license": "MIT",
      "peer": true
    }
  }
}
